<?xml version="1.0" encoding="utf-8"?>
<Project ToolsVersion="4.0" xmlns="http://schemas.microsoft.com/developer/msbuild/2003">
  <ItemGroup>
    <Filter Include="Source Files">
      <UniqueIdentifier>{9456d882-c7a9-42be-9329-f0b6da2d30f2}</UniqueIdentifier>
      <Extensions>cpp;c;cxx;rc;def;r;odl;idl;hpj;bat</Extensions>
    </Filter>
    <Filter Include="Header Files">
      <UniqueIdentifier>{a01f8274-175e-4a26-8638-87a1517fc4ed}</UniqueIdentifier>
      <Extensions>h;hpp;hxx;hm;inl</Extensions>
    </Filter>
    <Filter Include="Resource Files">
      <UniqueIdentifier>{37435fff-5d08-49b8-ab5a-3efa2ab2944c}</UniqueIdentifier>
      <Extensions>ico;cur;bmp;dlg;rc2;rct;bin;rgs;gif;jpg;jpeg;jpe</Extensions>
    </Filter>
    <Filter Include="doc">
      <UniqueIdentifier>{c14655a2-bcc5-4566-b79c-754ed6b1f752}</UniqueIdentifier>
    </Filter>
  </ItemGroup>
  <ItemGroup>
    <ClCompile Include="AboutDlg.cpp">
      <Filter>Source Files</Filter>
    </ClCompile>
    <ClCompile Include="AcceleratorDlg.cpp">
      <Filter>Source Files</Filter>
    </ClCompile>
    <ClCompile Include="CancelDlg.cpp">
      <Filter>Source Files</Filter>
    </ClCompile>
    <ClCompile Include="ChildFrm.cpp">
      <Filter>Source Files</Filter>
    </ClCompile>
    <ClCompile Include="..\..\..\libs\octrllib\ComboBoxUtil.cpp">
      <Filter>Source Files</Filter>
    </ClCompile>
    <ClCompile Include="completion_util.cpp">
      <Filter>Source Files</Filter>
    </ClCompile>
    <ClCompile Include="DownloadDlg.cpp">
      <Filter>Source Files</Filter>
    </ClCompile>
    <ClCompile Include="EditorOptionPage.cpp">
      <Filter>Source Files</Filter>
    </ClCompile>
    <ClCompile Include="EditorOptionPage2.cpp">
      <Filter>Source Files</Filter>
    </ClCompile>
    <ClCompile Include="FuncOptionPage.cpp">
      <Filter>Source Files</Filter>
    </ClCompile>
    <ClCompile Include="FuncOptionPage2.cpp">
      <Filter>Source Files</Filter>
    </ClCompile>
    <ClCompile Include="getsrc.cpp">
      <Filter>Source Files</Filter>
    </ClCompile>
    <ClCompile Include="getsrc2.cpp">
      <Filter>Source Files</Filter>
    </ClCompile>
    <ClCompile Include="GridOptionPage.cpp">
      <Filter>Source Files</Filter>
    </ClCompile>
    <ClCompile Include="GridSortDlg.cpp">
      <Filter>Source Files</Filter>
    </ClCompile>
    <ClCompile Include="GridView.cpp">
      <Filter>Source Files</Filter>
    </ClCompile>
    <ClCompile Include="LineJumpDlg.cpp">
      <Filter>Source Files</Filter>
    </ClCompile>
    <ClCompile Include="lintsql.cpp">
      <Filter>Source Files</Filter>
    </ClCompile>
    <ClCompile Include="localsql.cpp">
      <Filter>Source Files</Filter>
    </ClCompile>
    <ClCompile Include="LogEditData.cpp">
      <Filter>Source Files</Filter>
    </ClCompile>
    <ClCompile Include="MainFrm.cpp">
      <Filter>Source Files</Filter>
    </ClCompile>
    <ClCompile Include="ObjectBar.cpp">
      <Filter>Source Files</Filter>
    </ClCompile>
    <ClCompile Include="ObjectDetailBar.cpp">
      <Filter>Source Files</Filter>
    </ClCompile>
    <ClCompile Include="OptionSheet.cpp">
      <Filter>Source Files</Filter>
    </ClCompile>
    <ClCompile Include="pggriddata.cpp">
      <Filter>Source Files</Filter>
    </ClCompile>
    <ClCompile Include="PrintDlg.cpp">
      <Filter>Source Files</Filter>
    </ClCompile>
    <ClCompile Include="psql_util.cpp">
      <Filter>Source Files</Filter>
    </ClCompile>
    <ClCompile Include="psqledit.cpp">
      <Filter>Source Files</Filter>
    </ClCompile>
    <ClCompile Include="PSqlEditCtrl.cpp">
      <Filter>Source Files</Filter>
    </ClCompile>
    <ClCompile Include="psqleditDoc.cpp">
      <Filter>Source Files</Filter>
    </ClCompile>
    <ClCompile Include="QueryCloseDlg.cpp">
      <Filter>Source Files</Filter>
    </ClCompile>
    <ClCompile Include="scr_pass.cpp">
      <Filter>Source Files</Filter>
    </ClCompile>
    <ClCompile Include="..\..\..\libs\octrllib\ScrollWnd.cpp">
      <Filter>Source Files</Filter>
    </ClCompile>
    <ClCompile Include="SetupPage.cpp">
      <Filter>Source Files</Filter>
    </ClCompile>
    <ClCompile Include="ShortCutKeyDlg.cpp">
      <Filter>Source Files</Filter>
    </ClCompile>
    <ClCompile Include="shortcutsql.cpp">
      <Filter>Source Files</Filter>
    </ClCompile>
    <ClCompile Include="ShortCutSqlDlg.cpp">
      <Filter>Source Files</Filter>
    </ClCompile>
    <ClCompile Include="ShortCutSqlListDlg.cpp">
      <Filter>Source Files</Filter>
    </ClCompile>
    <ClCompile Include="sizecbar.cpp">
      <Filter>Source Files</Filter>
    </ClCompile>
    <ClCompile Include="SQLEditView.cpp">
      <Filter>Source Files</Filter>
    </ClCompile>
    <ClCompile Include="SQLExplainView.cpp">
      <Filter>Source Files</Filter>
    </ClCompile>
    <ClCompile Include="SqlLibraryDlg.cpp">
      <Filter>Source Files</Filter>
    </ClCompile>
    <ClCompile Include="SqlListMaker.cpp">
      <Filter>Source Files</Filter>
    </ClCompile>
    <ClCompile Include="sqllog.cpp">
      <Filter>Source Files</Filter>
    </ClCompile>
    <ClCompile Include="SqlLogDlg.cpp">
      <Filter>Source Files</Filter>
    </ClCompile>
    <ClCompile Include="SqlLogFileDlg.cpp">
      <Filter>Source Files</Filter>
    </ClCompile>
    <ClCompile Include="sqlparse.cpp">
      <Filter>Source Files</Filter>
    </ClCompile>
    <ClCompile Include="sqlparser.cpp">
      <Filter>Source Files</Filter>
    </ClCompile>
    <ClCompile Include="sqlstrtoken.cpp">
      <Filter>Source Files</Filter>
    </ClCompile>
    <ClCompile Include="StdAfx.cpp">
      <Filter>Source Files</Filter>
    </ClCompile>
    <ClCompile Include="TabBar.cpp">
      <Filter>Source Files</Filter>
    </ClCompile>
    <ClCompile Include="..\commonsrc\ConnectInfoDlg.cpp">
      <Filter>Source Files</Filter>
    </ClCompile>
    <ClCompile Include="..\commonsrc\ConnectList.cpp">
      <Filter>Source Files</Filter>
    </ClCompile>
    <ClCompile Include="..\commonsrc\LoginDlg.cpp">
      <Filter>Source Files</Filter>
    </ClCompile>
    <ClCompile Include="macro.cpp">
      <Filter>Source Files</Filter>
    </ClCompile>
    <ClCompile Include="..\..\common\diff_util.cpp">
      <Filter>Source Files</Filter>
    </ClCompile>
    <ClCompile Include="..\..\common\NameInputDlg.cpp">
      <Filter>Source Files</Filter>
    </ClCompile>
    <ClCompile Include="..\..\common\ShowCLobDlg.cpp">
      <Filter>Source Files</Filter>
    </ClCompile>
    <ClCompile Include="..\..\common\BindParamGridCtrl.cpp">
      <Filter>Source Files</Filter>
    </ClCompile>
    <ClCompile Include="..\..\common\BindParamEditorDlg.cpp">
      <Filter>Source Files</Filter>
    </ClCompile>
    <ClCompile Include="..\..\common\AccelList.cpp">
      <Filter>Source Files</Filter>
    </ClCompile>
    <ClCompile Include="..\commonsrc\common.cpp">
      <Filter>Source Files</Filter>
    </ClCompile>
    <ClCompile Include="..\..\dbcommon\ReplaceDlg.cpp">
      <Filter>Source Files</Filter>
    </ClCompile>
    <ClCompile Include="..\..\dbcommon\SearchDlg.cpp">
      <Filter>Source Files</Filter>
    </ClCompile>
    <ClCompile Include="..\..\dbcommon\GridFilterDlg.cpp">
      <Filter>Source Files</Filter>
    </ClCompile>
    <ClCompile Include="..\..\dbcommon\FilterEditCtrl.cpp">
      <Filter>Source Files</Filter>
    </ClCompile>
  </ItemGroup>
  <ItemGroup>
    <ResourceCompile Include="psqledit.rc">
      <Filter>Source Files</Filter>
    </ResourceCompile>
  </ItemGroup>
  <ItemGroup>
    <ClInclude Include="AboutDlg.h">
      <Filter>Header Files</Filter>
    </ClInclude>
    <ClInclude Include="AcceleratorDlg.h">
      <Filter>Header Files</Filter>
    </ClInclude>
    <ClInclude Include="CancelDlg.h">
      <Filter>Header Files</Filter>
    </ClInclude>
    <ClInclude Include="ChildFrm.h">
      <Filter>Header Files</Filter>
    </ClInclude>
    <ClInclude Include="command_list.h">
      <Filter>Header Files</Filter>
    </ClInclude>
    <ClInclude Include="completion_util.h">
      <Filter>Header Files</Filter>
    </ClInclude>
    <ClInclude Include="default_accel.h">
      <Filter>Header Files</Filter>
    </ClInclude>
    <ClInclude Include="DownloadDlg.h">
      <Filter>Header Files</Filter>
    </ClInclude>
    <ClInclude Include="EditorOptionPage.h">
      <Filter>Header Files</Filter>
    </ClInclude>
    <ClInclude Include="EditorOptionPage2.h">
      <Filter>Header Files</Filter>
    </ClInclude>
    <ClInclude Include="FuncOptionPage.h">
      <Filter>Header Files</Filter>
    </ClInclude>
    <ClInclude Include="FuncOptionPage2.h">
      <Filter>Header Files</Filter>
    </ClInclude>
    <ClInclude Include="getsrc.h">
      <Filter>Header Files</Filter>
    </ClInclude>
    <ClInclude Include="global.h">
      <Filter>Header Files</Filter>
    </ClInclude>
    <ClInclude Include="GridOptionPage.h">
      <Filter>Header Files</Filter>
    </ClInclude>
    <ClInclude Include="GridSortDlg.h">
      <Filter>Header Files</Filter>
    </ClInclude>
    <ClInclude Include="GridView.h">
      <Filter>Header Files</Filter>
    </ClInclude>
    <ClInclude Include="LineJumpDlg.h">
      <Filter>Header Files</Filter>
    </ClInclude>
    <ClInclude Include="lintsql.h">
      <Filter>Header Files</Filter>
    </ClInclude>
    <ClInclude Include="localsql.h">
      <Filter>Header Files</Filter>
    </ClInclude>
    <ClInclude Include="LogEditData.h">
      <Filter>Header Files</Filter>
    </ClInclude>
    <ClInclude Include="MainFrm.h">
      <Filter>Header Files</Filter>
    </ClInclude>
    <ClInclude Include="ObjectBar.h">
      <Filter>Header Files</Filter>
    </ClInclude>
    <ClInclude Include="ObjectDetailBar.h">
      <Filter>Header Files</Filter>
    </ClInclude>
    <ClInclude Include="OptionSheet.h">
      <Filter>Header Files</Filter>
    </ClInclude>
    <ClInclude Include="pggriddata.h">
      <Filter>Header Files</Filter>
    </ClInclude>
    <ClInclude Include="PrintDlg.h">
      <Filter>Header Files</Filter>
    </ClInclude>
    <ClInclude Include="psql_util.h">
      <Filter>Header Files</Filter>
    </ClInclude>
    <ClInclude Include="psqledit.h">
      <Filter>Header Files</Filter>
    </ClInclude>
    <ClInclude Include="PSqlEditCtrl.h">
      <Filter>Header Files</Filter>
    </ClInclude>
    <ClInclude Include="psqleditDoc.h">
      <Filter>Header Files</Filter>
    </ClInclude>
    <ClInclude Include="QueryCloseDlg.h">
      <Filter>Header Files</Filter>
    </ClInclude>
    <ClInclude Include="Resource.h">
      <Filter>Header Files</Filter>
    </ClInclude>
    <ClInclude Include="scr_pass.h">
      <Filter>Header Files</Filter>
    </ClInclude>
    <ClInclude Include="SetupPage.h">
      <Filter>Header Files</Filter>
    </ClInclude>
    <ClInclude Include="ShortCutKeyDlg.h">
      <Filter>Header Files</Filter>
    </ClInclude>
    <ClInclude Include="shortcutsql.h">
      <Filter>Header Files</Filter>
    </ClInclude>
    <ClInclude Include="ShortCutSqlDlg.h">
      <Filter>Header Files</Filter>
    </ClInclude>
    <ClInclude Include="ShortCutSqlListDlg.h">
      <Filter>Header Files</Filter>
    </ClInclude>
    <ClInclude Include="sizecbar.h">
      <Filter>Header Files</Filter>
    </ClInclude>
    <ClInclude Include="SQLEditView.h">
      <Filter>Header Files</Filter>
    </ClInclude>
    <ClInclude Include="SQLExplainView.h">
      <Filter>Header Files</Filter>
    </ClInclude>
    <ClInclude Include="SqlLibraryDlg.h">
      <Filter>Header Files</Filter>
    </ClInclude>
    <ClInclude Include="SqlListMaker.h">
      <Filter>Header Files</Filter>
    </ClInclude>
    <ClInclude Include="sqllog.h">
      <Filter>Header Files</Filter>
    </ClInclude>
    <ClInclude Include="SqlLogDlg.h">
      <Filter>Header Files</Filter>
    </ClInclude>
    <ClInclude Include="SqlLogFileDlg.h">
      <Filter>Header Files</Filter>
    </ClInclude>
    <ClInclude Include="sqlparse.h">
      <Filter>Header Files</Filter>
    </ClInclude>
    <ClInclude Include="sqlparser.h">
      <Filter>Header Files</Filter>
    </ClInclude>
    <ClInclude Include="sqlstrtoken.h">
      <Filter>Header Files</Filter>
    </ClInclude>
    <ClInclude Include="StdAfx.h">
      <Filter>Header Files</Filter>
    </ClInclude>
    <ClInclude Include="TabBar.h">
      <Filter>Header Files</Filter>
    </ClInclude>
    <ClInclude Include="..\commonsrc\ConnectInfoDlg.h">
      <Filter>Header Files</Filter>
    </ClInclude>
    <ClInclude Include="..\commonsrc\ConnectList.h">
      <Filter>Header Files</Filter>
    </ClInclude>
    <ClInclude Include="..\commonsrc\LoginDlg.h">
      <Filter>Header Files</Filter>
    </ClInclude>
    <ClInclude Include="..\commonsrc\ProfNameFolder.h">
      <Filter>Header Files</Filter>
    </ClInclude>
    <ClInclude Include="macro.h">
      <Filter>Header Files</Filter>
    </ClInclude>
    <ClInclude Include="..\..\common\diff_util.h">
      <Filter>Header Files</Filter>
    </ClInclude>
    <ClInclude Include="..\..\common\NameInputDlg.h">
      <Filter>Header Files</Filter>
    </ClInclude>
    <ClInclude Include="..\..\common\ShowCLobDlg.h">
      <Filter>Header Files</Filter>
    </ClInclude>
    <ClInclude Include="..\..\common\BindParamEditorDlg.h">
      <Filter>Header Files</Filter>
    </ClInclude>
    <ClInclude Include="..\..\common\BindParamGridCtrl.h">
      <Filter>Header Files</Filter>
    </ClInclude>
    <ClInclude Include="..\..\common\AccelList.h">
      <Filter>Header Files</Filter>
    </ClInclude>
    <ClInclude Include="..\commonsrc\common.h">
      <Filter>Header Files</Filter>
    </ClInclude>
    <ClInclude Include="..\..\dbcommon\GridFilterDlg.h">
      <Filter>Header Files</Filter>
    </ClInclude>
    <ClInclude Include="..\..\dbcommon\ReplaceDlg.h">
      <Filter>Header Files</Filter>
    </ClInclude>
    <ClInclude Include="..\..\dbcommon\SearchDlg.h">
      <Filter>Header Files</Filter>
    </ClInclude>
    <ClInclude Include="..\..\dbcommon\SearchDlgData.h">
      <Filter>Header Files</Filter>
    </ClInclude>
    <ClInclude Include="..\..\dbcommon\FilterEditCtrl.h">
      <Filter>Header Files</Filter>
    </ClInclude>
  </ItemGroup>
  <ItemGroup>
    <Image Include="res\folder1.ico">
      <Filter>Resource Files</Filter>
    </Image>
    <Image Include="res\icon1.ico">
      <Filter>Resource Files</Filter>
    </Image>
    <Image Include="res\psqledit.ico">
      <Filter>Resource Files</Filter>
    </Image>
    <Image Include="res\psqleditDoc.ico">
      <Filter>Resource Files</Filter>
    </Image>
    <Image Include="res\sqltune.ico">
      <Filter>Resource Files</Filter>
    </Image>
    <Image Include="res\sqltuneDoc.ico">
      <Filter>Resource Files</Filter>
    </Image>
    <Image Include="res\Toolbar.bmp">
      <Filter>Resource Files</Filter>
    </Image>
  </ItemGroup>
  <ItemGroup>
    <Text Include="changelog.txt" />
    <Text Include="ReadMe.txt" />
    <Text Include="doc\LICENSE_TINYSCHEME.txt">
      <Filter>doc</Filter>
    </Text>
    <Text Include="doc\credits.txt">
      <Filter>doc</Filter>
    </Text>
    <Text Include="doc\LICENSE_CSizingControlBar.txt.txt">
      <Filter>doc</Filter>
    </Text>
    <Text Include="doc\LICENSE_MINISCHEME.txt">
      <Filter>doc</Filter>
    </Text>
    <Text Include="doc\LICENSE_PostgreSQL.txt">
      <Filter>doc</Filter>
    </Text>
    <Text Include="doc\LICENSE_BSD.txt">
      <Filter>doc</Filter>
    </Text>
  </ItemGroup>
  <ItemGroup>
    <CustomBuild Include="res\psqledit.rc2">
      <Filter>Resource Files</Filter>
    </CustomBuild>
  </ItemGroup>
</Project>