<?xml version="1.0" encoding="utf-8"?>
<Project ToolsVersion="4.0" xmlns="http://schemas.microsoft.com/developer/msbuild/2003">
  <ItemGroup>
    <Filter Include="Source Files">
      <UniqueIdentifier>{5c0fc256-7c40-4a0e-a2be-a7c86c4929a3}</UniqueIdentifier>
      <Extensions>cpp;c;cxx;rc;def;r;odl;idl;hpj;bat</Extensions>
    </Filter>
    <Filter Include="Header Files">
      <UniqueIdentifier>{ecec504e-e718-4c7a-927f-fd16326ef636}</UniqueIdentifier>
      <Extensions>h;hpp;hxx;hm;inl</Extensions>
    </Filter>
  </ItemGroup>
  <ItemGroup>
    <ClCompile Include="dsetutil.c">
      <Filter>Source Files</Filter>
    </ClCompile>
    <ClCompile Include="pgdataset.c">
      <Filter>Source Files</Filter>
    </ClCompile>
    <ClCompile Include="pgerr.c">
      <Filter>Source Files</Filter>
    </ClCompile>
    <ClCompile Include="pgsql.c">
      <Filter>Source Files</Filter>
    </ClCompile>
    <ClCompile Include="pgutil.c">
      <Filter>Source Files</Filter>
    </ClCompile>
    <ClCompile Include="winpg.c">
      <Filter>Source Files</Filter>
    </ClCompile>
  </ItemGroup>
  <ItemGroup>
    <ClInclude Include="apidef.h">
      <Filter>Header Files</Filter>
    </ClInclude>
    <ClInclude Include="localdef.h">
      <Filter>Header Files</Filter>
    </ClInclude>
    <ClInclude Include="pgapi.h">
      <Filter>Header Files</Filter>
    </ClInclude>
    <ClInclude Include="pglib.h">
      <Filter>Header Files</Filter>
    </ClInclude>
    <ClInclude Include="pgmsg.h">
      <Filter>Header Files</Filter>
    </ClInclude>
    <ClInclude Include="pgtype.h">
      <Filter>Header Files</Filter>
    </ClInclude>
  </ItemGroup>
</Project>