<?xml version="1.0" encoding="utf-8"?>
<Project ToolsVersion="4.0" xmlns="http://schemas.microsoft.com/developer/msbuild/2003">
  <ItemGroup>
    <Filter Include="Source Files">
      <UniqueIdentifier>{fcf4c012-3d84-4961-941d-eface308f2e0}</UniqueIdentifier>
      <Extensions>cpp;c;cxx;rc;def;r;odl;idl;hpj;bat</Extensions>
    </Filter>
    <Filter Include="Header Files">
      <UniqueIdentifier>{47ec652f-7ea9-4729-955c-c875e6c71d32}</UniqueIdentifier>
      <Extensions>h;hpp;hxx;hm;inl</Extensions>
    </Filter>
  </ItemGroup>
  <ItemGroup>
    <ClCompile Include="CloseBtn.cpp">
      <Filter>Source Files</Filter>
    </ClCompile>
    <ClCompile Include="CodeAssistData.cpp">
      <Filter>Source Files</Filter>
    </ClCompile>
    <ClCompile Include="CodeAssistEditCtrl.cpp">
      <Filter>Source Files</Filter>
    </ClCompile>
    <ClCompile Include="CodeAssistListMaker.cpp">
      <Filter>Source Files</Filter>
    </ClCompile>
    <ClCompile Include="CodeAssistWnd.cpp">
      <Filter>Source Files</Filter>
    </ClCompile>
    <ClCompile Include="colorutil.cpp">
      <Filter>Source Files</Filter>
    </ClCompile>
    <ClCompile Include="ComboBoxUtil.cpp">
      <Filter>Source Files</Filter>
    </ClCompile>
    <ClCompile Include="CommonCancelDlg.cpp">
      <Filter>Source Files</Filter>
    </ClCompile>
    <ClCompile Include="DispColorData.cpp">
      <Filter>Source Files</Filter>
    </ClCompile>
    <ClCompile Include="EditableGridData.cpp">
      <Filter>Source Files</Filter>
    </ClCompile>
    <ClCompile Include="EditCtrl.cpp">
      <Filter>Source Files</Filter>
    </ClCompile>
    <ClCompile Include="EditData.cpp">
      <Filter>Source Files</Filter>
    </ClCompile>
    <ClCompile Include="editdispdata.cpp">
      <Filter>Source Files</Filter>
    </ClCompile>
    <ClCompile Include="EditRowBuffer.cpp">
      <Filter>Source Files</Filter>
    </ClCompile>
    <ClCompile Include="EditRowData.cpp">
      <Filter>Source Files</Filter>
    </ClCompile>
    <ClCompile Include="expsplit.cpp">
      <Filter>Source Files</Filter>
    </ClCompile>
    <ClCompile Include="FastIniFile.cpp">
      <Filter>Source Files</Filter>
    </ClCompile>
    <ClCompile Include="FileTabCtrl.cpp">
      <Filter>Source Files</Filter>
    </ClCompile>
    <ClCompile Include="FontWidth.cpp">
      <Filter>Source Files</Filter>
    </ClCompile>
    <ClCompile Include="GridCtrl.cpp">
      <Filter>Source Files</Filter>
    </ClCompile>
    <ClCompile Include="griddata.cpp">
      <Filter>Source Files</Filter>
    </ClCompile>
    <ClCompile Include="GridDispData.cpp">
      <Filter>Source Files</Filter>
    </ClCompile>
    <ClCompile Include="Indenter.cpp">
      <Filter>Source Files</Filter>
    </ClCompile>
    <ClCompile Include="InputDlg.cpp">
      <Filter>Source Files</Filter>
    </ClCompile>
    <ClCompile Include="IntArray.cpp">
      <Filter>Source Files</Filter>
    </ClCompile>
    <ClCompile Include="LanguageSetting.cpp">
      <Filter>Source Files</Filter>
    </ClCompile>
    <ClCompile Include="ListCtrlUtil.cpp">
      <Filter>Source Files</Filter>
    </ClCompile>
    <ClCompile Include="MemoryPool.cpp">
      <Filter>Source Files</Filter>
    </ClCompile>
    <ClCompile Include="octrl_util.cpp">
      <Filter>Source Files</Filter>
    </ClCompile>
    <ClCompile Include="ogrep_util.cpp">
      <Filter>Source Files</Filter>
    </ClCompile>
    <ClCompile Include="OWinApp.cpp">
      <Filter>Source Files</Filter>
    </ClCompile>
    <ClCompile Include="owinutil.cpp">
      <Filter>Source Files</Filter>
    </ClCompile>
    <ClCompile Include="PlacesBarFileDlg.cpp">
      <Filter>Source Files</Filter>
    </ClCompile>
    <ClCompile Include="printeditdata.cpp">
      <Filter>Source Files</Filter>
    </ClCompile>
    <ClCompile Include="PtrGridData.cpp">
      <Filter>Source Files</Filter>
    </ClCompile>
    <ClCompile Include="Renderer.cpp">
      <Filter>Source Files</Filter>
    </ClCompile>
    <ClCompile Include="ScrollWnd.cpp">
      <Filter>Source Files</Filter>
    </ClCompile>
    <ClCompile Include="StdAfx.cpp">
      <Filter>Source Files</Filter>
    </ClCompile>
    <ClCompile Include="StrGridData.cpp">
      <Filter>Source Files</Filter>
    </ClCompile>
    <ClCompile Include="StrToken.cpp">
      <Filter>Source Files</Filter>
    </ClCompile>
    <ClCompile Include="ToolTipEx.cpp">
      <Filter>Source Files</Filter>
    </ClCompile>
    <ClCompile Include="Undo.cpp">
      <Filter>Source Files</Filter>
    </ClCompile>
    <ClCompile Include="UnicodeArchive.cpp">
      <Filter>Source Files</Filter>
    </ClCompile>
    <ClCompile Include="wheelsplit.cpp">
      <Filter>Source Files</Filter>
    </ClCompile>
    <ClCompile Include="griddatafilter.cpp">
      <Filter>Source Files</Filter>
    </ClCompile>
  </ItemGroup>
  <ItemGroup>
    <ClInclude Include="closebtn.h">
      <Filter>Header Files</Filter>
    </ClInclude>
    <ClInclude Include="CodeAssistData.h">
      <Filter>Header Files</Filter>
    </ClInclude>
    <ClInclude Include="CodeAssistEditCtrl.h">
      <Filter>Header Files</Filter>
    </ClInclude>
    <ClInclude Include="CodeAssistListMaker.h">
      <Filter>Header Files</Filter>
    </ClInclude>
    <ClInclude Include="CodeAssistWnd.h">
      <Filter>Header Files</Filter>
    </ClInclude>
    <ClInclude Include="colorutil.h">
      <Filter>Header Files</Filter>
    </ClInclude>
    <ClInclude Include="ComboBoxUtil.h">
      <Filter>Header Files</Filter>
    </ClInclude>
    <ClInclude Include="CommonCancelDlg.h">
      <Filter>Header Files</Filter>
    </ClInclude>
    <ClInclude Include="DispColorData.h">
      <Filter>Header Files</Filter>
    </ClInclude>
    <ClInclude Include="DlgSingletonTmpl.h">
      <Filter>Header Files</Filter>
    </ClInclude>
    <ClInclude Include="DropTargetTmpl.h">
      <Filter>Header Files</Filter>
    </ClInclude>
    <ClInclude Include="EditableGridData.h">
      <Filter>Header Files</Filter>
    </ClInclude>
    <ClInclude Include="EditCtrl.h">
      <Filter>Header Files</Filter>
    </ClInclude>
    <ClInclude Include="EditData.h">
      <Filter>Header Files</Filter>
    </ClInclude>
    <ClInclude Include="editdispdata.h">
      <Filter>Header Files</Filter>
    </ClInclude>
    <ClInclude Include="EditRowBuffer.h">
      <Filter>Header Files</Filter>
    </ClInclude>
    <ClInclude Include="EditRowData.h">
      <Filter>Header Files</Filter>
    </ClInclude>
    <ClInclude Include="expsplit.h">
      <Filter>Header Files</Filter>
    </ClInclude>
    <ClInclude Include="FastIniFile.h">
      <Filter>Header Files</Filter>
    </ClInclude>
    <ClInclude Include="FileTabCtrl.h">
      <Filter>Header Files</Filter>
    </ClInclude>
    <ClInclude Include="FontWidth.h">
      <Filter>Header Files</Filter>
    </ClInclude>
    <ClInclude Include="GappedBufferTmpl.h">
      <Filter>Header Files</Filter>
    </ClInclude>
    <ClInclude Include="GridCtrl.h">
      <Filter>Header Files</Filter>
    </ClInclude>
    <ClInclude Include="griddata.h">
      <Filter>Header Files</Filter>
    </ClInclude>
    <ClInclude Include="GridDispData.h">
      <Filter>Header Files</Filter>
    </ClInclude>
    <ClInclude Include="Indenter.h">
      <Filter>Header Files</Filter>
    </ClInclude>
    <ClInclude Include="InputDlg.h">
      <Filter>Header Files</Filter>
    </ClInclude>
    <ClInclude Include="IntArray.h">
      <Filter>Header Files</Filter>
    </ClInclude>
    <ClInclude Include="LanguageSetting.h">
      <Filter>Header Files</Filter>
    </ClInclude>
    <ClInclude Include="ListCtrlUtil.h">
      <Filter>Header Files</Filter>
    </ClInclude>
    <ClInclude Include="MemoryPool.h">
      <Filter>Header Files</Filter>
    </ClInclude>
    <ClInclude Include="octrl_inline.h">
      <Filter>Header Files</Filter>
    </ClInclude>
    <ClInclude Include="octrl_msg.h">
      <Filter>Header Files</Filter>
    </ClInclude>
    <ClInclude Include="octrl_util.h">
      <Filter>Header Files</Filter>
    </ClInclude>
    <ClInclude Include="ogrep_util.h">
      <Filter>Header Files</Filter>
    </ClInclude>
    <ClInclude Include="OWinApp.h">
      <Filter>Header Files</Filter>
    </ClInclude>
    <ClInclude Include="owinutil.h">
      <Filter>Header Files</Filter>
    </ClInclude>
    <ClInclude Include="PlacesBarFileDlg.h">
      <Filter>Header Files</Filter>
    </ClInclude>
    <ClInclude Include="printeditdata.h">
      <Filter>Header Files</Filter>
    </ClInclude>
    <ClInclude Include="PtrGridData.h">
      <Filter>Header Files</Filter>
    </ClInclude>
    <ClInclude Include="Renderer.h">
      <Filter>Header Files</Filter>
    </ClInclude>
    <ClInclude Include="ScrollWnd.h">
      <Filter>Header Files</Filter>
    </ClInclude>
    <ClInclude Include="StdAfx.h">
      <Filter>Header Files</Filter>
    </ClInclude>
    <ClInclude Include="StrGridData.h">
      <Filter>Header Files</Filter>
    </ClInclude>
    <ClInclude Include="StrToken.h">
      <Filter>Header Files</Filter>
    </ClInclude>
    <ClInclude Include="ToolTipEx.h">
      <Filter>Header Files</Filter>
    </ClInclude>
    <ClInclude Include="Undo.h">
      <Filter>Header Files</Filter>
    </ClInclude>
    <ClInclude Include="UnicodeArchive.h">
      <Filter>Header Files</Filter>
    </ClInclude>
    <ClInclude Include="wheelsplit.h">
      <Filter>Header Files</Filter>
    </ClInclude>
    <ClInclude Include="stringbuffer.h">
      <Filter>Header Files</Filter>
    </ClInclude>
    <ClInclude Include="griddatafilter.h">
      <Filter>Header Files</Filter>
    </ClInclude>
  </ItemGroup>
</Project>