<?xml version="1.0" encoding="utf-8"?>
<Project ToolsVersion="4.0" xmlns="http://schemas.microsoft.com/developer/msbuild/2003">
  <ItemGroup>
    <Filter Include="Source Files">
      <UniqueIdentifier>{8280a3ba-6d9a-4227-a484-e49a34868160}</UniqueIdentifier>
      <Extensions>cpp;c;cxx;rc;def;r;odl;idl;hpj;bat</Extensions>
    </Filter>
    <Filter Include="Header Files">
      <UniqueIdentifier>{498e212d-5a2c-4a84-ad99-72e23349bec6}</UniqueIdentifier>
      <Extensions>h;hpp;hxx;hm;inl</Extensions>
    </Filter>
    <Filter Include="Resource Files">
      <UniqueIdentifier>{fc18f6fe-e629-4e28-8adb-91261a63ac91}</UniqueIdentifier>
      <Extensions>ico;cur;bmp;dlg;rc2;rct;bin;rgs;gif;jpg;jpeg;jpe</Extensions>
    </Filter>
    <Filter Include="Source Files\doc">
      <UniqueIdentifier>{ae946f0f-15f2-441e-b3ac-b773a1b58e3a}</UniqueIdentifier>
    </Filter>
  </ItemGroup>
  <ItemGroup>
    <ClCompile Include="AboutDlg.cpp">
      <Filter>Source Files</Filter>
    </ClCompile>
    <ClCompile Include="AcceleratorDlg.cpp">
      <Filter>Source Files</Filter>
    </ClCompile>
    <ClCompile Include="AccelList.cpp">
      <Filter>Source Files</Filter>
    </ClCompile>
    <ClCompile Include="CancelDlg.cpp">
      <Filter>Source Files</Filter>
    </ClCompile>
    <ClCompile Include="EditablePgGridData.cpp">
      <Filter>Source Files</Filter>
    </ClCompile>
    <ClCompile Include="GridOptionPage.cpp">
      <Filter>Source Files</Filter>
    </ClCompile>
    <ClCompile Include="GridSortDlg.cpp">
      <Filter>Source Files</Filter>
    </ClCompile>
    <ClCompile Include="InsertRowsDlg.cpp">
      <Filter>Source Files</Filter>
    </ClCompile>
    <ClCompile Include="MainFrm.cpp">
      <Filter>Source Files</Filter>
    </ClCompile>
    <ClCompile Include="OptionSheet.cpp">
      <Filter>Source Files</Filter>
    </ClCompile>
    <ClCompile Include="psqlgrid.cpp">
      <Filter>Source Files</Filter>
    </ClCompile>
    <ClCompile Include="psqlgridDoc.cpp">
      <Filter>Source Files</Filter>
    </ClCompile>
    <ClCompile Include="psqlgridView.cpp">
      <Filter>Source Files</Filter>
    </ClCompile>
    <ClCompile Include="scr_pass.cpp">
      <Filter>Source Files</Filter>
    </ClCompile>
    <ClCompile Include="SetupPage.cpp">
      <Filter>Source Files</Filter>
    </ClCompile>
    <ClCompile Include="ShortCutKeyDlg.cpp">
      <Filter>Source Files</Filter>
    </ClCompile>
    <ClCompile Include="sqlstrtoken.cpp">
      <Filter>Source Files</Filter>
    </ClCompile>
    <ClCompile Include="StdAfx.cpp">
      <Filter>Source Files</Filter>
    </ClCompile>
    <ClCompile Include="TableListDlg.cpp">
      <Filter>Source Files</Filter>
    </ClCompile>
    <ClCompile Include="..\commonsrc\ConnectInfoDlg.cpp">
      <Filter>Source Files</Filter>
    </ClCompile>
    <ClCompile Include="..\commonsrc\ConnectList.cpp">
      <Filter>Source Files</Filter>
    </ClCompile>
    <ClCompile Include="..\commonsrc\LoginDlg.cpp">
      <Filter>Source Files</Filter>
    </ClCompile>
    <ClCompile Include="..\commonsrc\common.cpp">
      <Filter>Source Files</Filter>
    </ClCompile>
    <ClCompile Include="..\..\dbcommon\GridFilterDlg.cpp">
      <Filter>Source Files</Filter>
    </ClCompile>
    <ClCompile Include="..\..\dbcommon\ReplaceDlg.cpp">
      <Filter>Source Files</Filter>
    </ClCompile>
    <ClCompile Include="..\..\dbcommon\SearchDlg.cpp">
      <Filter>Source Files</Filter>
    </ClCompile>
    <ClCompile Include="..\..\dbcommon\FilterEditCtrl.cpp">
      <Filter>Source Files</Filter>
    </ClCompile>
    <ClCompile Include="..\..\common\DataEditDlg.cpp">
      <Filter>Source Files</Filter>
    </ClCompile>
    <ClCompile Include="..\..\dbcommon\InputSequenceDlg.cpp">
      <Filter>Source Files</Filter>
    </ClCompile>
  </ItemGroup>
  <ItemGroup>
    <ResourceCompile Include="psqlgrid.rc">
      <Filter>Source Files</Filter>
    </ResourceCompile>
  </ItemGroup>
  <ItemGroup>
    <ClInclude Include="AboutDlg.h">
      <Filter>Header Files</Filter>
    </ClInclude>
    <ClInclude Include="AcceleratorDlg.h">
      <Filter>Header Files</Filter>
    </ClInclude>
    <ClInclude Include="AccelList.h">
      <Filter>Header Files</Filter>
    </ClInclude>
    <ClInclude Include="CancelDlg.h">
      <Filter>Header Files</Filter>
    </ClInclude>
    <ClInclude Include="command_list.h">
      <Filter>Header Files</Filter>
    </ClInclude>
    <ClInclude Include="default_accel.h">
      <Filter>Header Files</Filter>
    </ClInclude>
    <ClInclude Include="EditablePgGridData.h">
      <Filter>Header Files</Filter>
    </ClInclude>
    <ClInclude Include="global.h">
      <Filter>Header Files</Filter>
    </ClInclude>
    <ClInclude Include="GridOptionPage.h">
      <Filter>Header Files</Filter>
    </ClInclude>
    <ClInclude Include="GridSortDlg.h">
      <Filter>Header Files</Filter>
    </ClInclude>
    <ClInclude Include="InsertRowsDlg.h">
      <Filter>Header Files</Filter>
    </ClInclude>
    <ClInclude Include="MainFrm.h">
      <Filter>Header Files</Filter>
    </ClInclude>
    <ClInclude Include="OptionSheet.h">
      <Filter>Header Files</Filter>
    </ClInclude>
    <ClInclude Include="psqlgrid.h">
      <Filter>Header Files</Filter>
    </ClInclude>
    <ClInclude Include="psqlgridDoc.h">
      <Filter>Header Files</Filter>
    </ClInclude>
    <ClInclude Include="psqlgridView.h">
      <Filter>Header Files</Filter>
    </ClInclude>
    <ClInclude Include="Resource.h">
      <Filter>Header Files</Filter>
    </ClInclude>
    <ClInclude Include="scr_pass.h">
      <Filter>Header Files</Filter>
    </ClInclude>
    <ClInclude Include="SetupPage.h">
      <Filter>Header Files</Filter>
    </ClInclude>
    <ClInclude Include="ShortCutKeyDlg.h">
      <Filter>Header Files</Filter>
    </ClInclude>
    <ClInclude Include="sqlstrtoken.h">
      <Filter>Header Files</Filter>
    </ClInclude>
    <ClInclude Include="StdAfx.h">
      <Filter>Header Files</Filter>
    </ClInclude>
    <ClInclude Include="TableListDlg.h">
      <Filter>Header Files</Filter>
    </ClInclude>
    <ClInclude Include="..\commonsrc\ConnectInfoDlg.h">
      <Filter>Header Files</Filter>
    </ClInclude>
    <ClInclude Include="..\commonsrc\ConnectList.h">
      <Filter>Header Files</Filter>
    </ClInclude>
    <ClInclude Include="..\commonsrc\LoginDlg.h">
      <Filter>Header Files</Filter>
    </ClInclude>
    <ClInclude Include="..\commonsrc\ProfNameFolder.h">
      <Filter>Header Files</Filter>
    </ClInclude>
    <ClInclude Include="..\commonsrc\common.h">
      <Filter>Header Files</Filter>
    </ClInclude>
    <ClInclude Include="..\..\dbcommon\GridFilterDlg.h">
      <Filter>Header Files</Filter>
    </ClInclude>
    <ClInclude Include="..\..\dbcommon\ReplaceDlg.h">
      <Filter>Header Files</Filter>
    </ClInclude>
    <ClInclude Include="..\..\dbcommon\SearchDlg.h">
      <Filter>Header Files</Filter>
    </ClInclude>
    <ClInclude Include="..\..\dbcommon\SearchDlgData.h">
      <Filter>Header Files</Filter>
    </ClInclude>
    <ClInclude Include="..\..\dbcommon\FilterEditCtrl.h">
      <Filter>Header Files</Filter>
    </ClInclude>
    <ClInclude Include="..\..\common\DataEditDlg.h">
      <Filter>Header Files</Filter>
    </ClInclude>
    <ClInclude Include="..\..\dbcommon\InputSequenceDlg.h">
      <Filter>Header Files</Filter>
    </ClInclude>
  </ItemGroup>
  <ItemGroup>
    <Image Include="res\bitmap1.bmp">
      <Filter>Resource Files</Filter>
    </Image>
    <Image Include="res\ogrid.ico">
      <Filter>Resource Files</Filter>
    </Image>
    <Image Include="res\psqlgrid.ico">
      <Filter>Resource Files</Filter>
    </Image>
    <Image Include="res\psqlgridDoc.ico">
      <Filter>Resource Files</Filter>
    </Image>
    <Image Include="res\Toolbar.bmp">
      <Filter>Resource Files</Filter>
    </Image>
  </ItemGroup>
  <ItemGroup>
    <Text Include="ReadMe.txt" />
    <Text Include="doc\credits.txt">
      <Filter>Source Files\doc</Filter>
    </Text>
    <Text Include="doc\LICENSE_CSizingControlBar.txt.txt">
      <Filter>Source Files\doc</Filter>
    </Text>
    <Text Include="doc\LICENSE_MINISCHEME.txt">
      <Filter>Source Files\doc</Filter>
    </Text>
    <Text Include="doc\LICENSE_PostgreSQL.txt">
      <Filter>Source Files\doc</Filter>
    </Text>
    <Text Include="doc\LICENSE_TINYSCHEME.txt">
      <Filter>Source Files\doc</Filter>
    </Text>
    <Text Include="doc\LICENSE_BSD.txt">
      <Filter>Source Files\doc</Filter>
    </Text>
    <Text Include="Changelog.txt" />
  </ItemGroup>
  <ItemGroup>
    <CustomBuild Include="res\psqlgrid.rc2">
      <Filter>Resource Files</Filter>
    </CustomBuild>
  </ItemGroup>
</Project>